
Microsoft Visual Studio Solution File, Format Version 12.00
# Visual Studio 15
VisualStudioVersion = 15.0.28307.168
MinimumVisualStudioVersion = 10.0.40219.1
Project("{FAE04EC0-301F-11D3-BF4B-00C04F79EFBC}") = "Exercise11", "Exercise11\Exercise11.csproj", "{3ECC7409-7056-4185-A344-524A5AE44F3F}"
EndProject
Global
	GlobalSection(SolutionConfigurationPlatforms) = preSolution
		Debug|Any CPU = Debug|Any CPU
		Release|Any CPU = Release|Any CPU
	EndGlobalSection
	GlobalSection(ProjectConfigurationPlatforms) = postSolution
		{3ECC7409-7056-4185-A344-524A5AE44F3F}.Debug|Any CPU.ActiveCfg = Debug|Any CPU
		{3ECC7409-7056-4185-A344-524A5AE44F3F}.Debug|Any CPU.Build.0 = Debug|Any CPU
		{3ECC7409-7056-4185-A344-524A5AE44F3F}.Release|Any CPU.ActiveCfg = Release|Any CPU
		{3ECC7409-7056-4185-A344-524A5AE44F3F}.Release|Any CPU.Build.0 = Release|Any CPU
	EndGlobalSection
	GlobalSection(SolutionProperties) = preSolution
		HideSolutionNode = FALSE
	EndGlobalSection
	GlobalSection(ExtensibilityGlobals) = postSolution
		SolutionGuid = {338D1F64-3646-42DE-B00C-ABABAAD6E850}
	EndGlobalSection
EndGlobal
