
Microsoft Visual Studio Solution File, Format Version 12.00
# Visual Studio 15
VisualStudioVersion = 15.0.28307.168
MinimumVisualStudioVersion = 10.0.40219.1
Project("{FAE04EC0-301F-11D3-BF4B-00C04F79EFBC}") = "Exercise7", "Exercise7\Exercise7.csproj", "{ACF64A88-5B2F-4B5A-95C1-AEC0C2A9EF55}"
EndProject
Global
	GlobalSection(SolutionConfigurationPlatforms) = preSolution
		Debug|Any CPU = Debug|Any CPU
		Release|Any CPU = Release|Any CPU
	EndGlobalSection
	GlobalSection(ProjectConfigurationPlatforms) = postSolution
		{ACF64A88-5B2F-4B5A-95C1-AEC0C2A9EF55}.Debug|Any CPU.ActiveCfg = Debug|Any CPU
		{ACF64A88-5B2F-4B5A-95C1-AEC0C2A9EF55}.Debug|Any CPU.Build.0 = Debug|Any CPU
		{ACF64A88-5B2F-4B5A-95C1-AEC0C2A9EF55}.Release|Any CPU.ActiveCfg = Release|Any CPU
		{ACF64A88-5B2F-4B5A-95C1-AEC0C2A9EF55}.Release|Any CPU.Build.0 = Release|Any CPU
	EndGlobalSection
	GlobalSection(SolutionProperties) = preSolution
		HideSolutionNode = FALSE
	EndGlobalSection
	GlobalSection(ExtensibilityGlobals) = postSolution
		SolutionGuid = {81E46327-7EE2-425C-B3AE-EB39635CA17E}
	EndGlobalSection
EndGlobal
