
Microsoft Visual Studio Solution File, Format Version 12.00
# Visual Studio 15
VisualStudioVersion = 15.0.28307.168
MinimumVisualStudioVersion = 10.0.40219.1
Project("{FAE04EC0-301F-11D3-BF4B-00C04F79EFBC}") = "Exercise9", "Exercise9\Exercise9.csproj", "{A01BF1D1-9819-42FD-A18A-D3C865DAB264}"
EndProject
Global
	GlobalSection(SolutionConfigurationPlatforms) = preSolution
		Debug|Any CPU = Debug|Any CPU
		Release|Any CPU = Release|Any CPU
	EndGlobalSection
	GlobalSection(ProjectConfigurationPlatforms) = postSolution
		{A01BF1D1-9819-42FD-A18A-D3C865DAB264}.Debug|Any CPU.ActiveCfg = Debug|Any CPU
		{A01BF1D1-9819-42FD-A18A-D3C865DAB264}.Debug|Any CPU.Build.0 = Debug|Any CPU
		{A01BF1D1-9819-42FD-A18A-D3C865DAB264}.Release|Any CPU.ActiveCfg = Release|Any CPU
		{A01BF1D1-9819-42FD-A18A-D3C865DAB264}.Release|Any CPU.Build.0 = Release|Any CPU
	EndGlobalSection
	GlobalSection(SolutionProperties) = preSolution
		HideSolutionNode = FALSE
	EndGlobalSection
	GlobalSection(ExtensibilityGlobals) = postSolution
		SolutionGuid = {D4478792-C89E-44F7-910C-5F43F13C9F78}
	EndGlobalSection
EndGlobal
