
Microsoft Visual Studio Solution File, Format Version 12.00
# Visual Studio 15
VisualStudioVersion = 15.0.28307.168
MinimumVisualStudioVersion = 10.0.40219.1
Project("{FAE04EC0-301F-11D3-BF4B-00C04F79EFBC}") = "Tab Order Demo", "Tab Order Demo\Tab Order Demo.csproj", "{6C4557B2-06C4-4184-9297-CB4BC935BC48}"
EndProject
Global
	GlobalSection(SolutionConfigurationPlatforms) = preSolution
		Debug|Any CPU = Debug|Any CPU
		Release|Any CPU = Release|Any CPU
	EndGlobalSection
	GlobalSection(ProjectConfigurationPlatforms) = postSolution
		{6C4557B2-06C4-4184-9297-CB4BC935BC48}.Debug|Any CPU.ActiveCfg = Debug|Any CPU
		{6C4557B2-06C4-4184-9297-CB4BC935BC48}.Debug|Any CPU.Build.0 = Debug|Any CPU
		{6C4557B2-06C4-4184-9297-CB4BC935BC48}.Release|Any CPU.ActiveCfg = Release|Any CPU
		{6C4557B2-06C4-4184-9297-CB4BC935BC48}.Release|Any CPU.Build.0 = Release|Any CPU
	EndGlobalSection
	GlobalSection(SolutionProperties) = preSolution
		HideSolutionNode = FALSE
	EndGlobalSection
	GlobalSection(ExtensibilityGlobals) = postSolution
		SolutionGuid = {C4A368DA-60D7-4377-B2A6-C65D6DF1A155}
	EndGlobalSection
EndGlobal
