
Microsoft Visual Studio Solution File, Format Version 12.00
# Visual Studio 15
VisualStudioVersion = 15.0.28307.168
MinimumVisualStudioVersion = 10.0.40219.1
Project("{FAE04EC0-301F-11D3-BF4B-00C04F79EFBC}") = "Variables", "Variaibles\Variables.csproj", "{75E8FB47-EA84-4075-871D-4425518C3CEC}"
EndProject
Global
	GlobalSection(SolutionConfigurationPlatforms) = preSolution
		Debug|Any CPU = Debug|Any CPU
		Release|Any CPU = Release|Any CPU
	EndGlobalSection
	GlobalSection(ProjectConfigurationPlatforms) = postSolution
		{75E8FB47-EA84-4075-871D-4425518C3CEC}.Debug|Any CPU.ActiveCfg = Debug|Any CPU
		{75E8FB47-EA84-4075-871D-4425518C3CEC}.Debug|Any CPU.Build.0 = Debug|Any CPU
		{75E8FB47-EA84-4075-871D-4425518C3CEC}.Release|Any CPU.ActiveCfg = Release|Any CPU
		{75E8FB47-EA84-4075-871D-4425518C3CEC}.Release|Any CPU.Build.0 = Release|Any CPU
	EndGlobalSection
	GlobalSection(SolutionProperties) = preSolution
		HideSolutionNode = FALSE
	EndGlobalSection
	GlobalSection(ExtensibilityGlobals) = postSolution
		SolutionGuid = {9475C5AE-FBAE-469A-90DF-B0E0109DDA78}
	EndGlobalSection
EndGlobal
