
Microsoft Visual Studio Solution File, Format Version 12.00
# Visual Studio 15
VisualStudioVersion = 15.0.28307.168
MinimumVisualStudioVersion = 10.0.40219.1
Project("{FAE04EC0-301F-11D3-BF4B-00C04F79EFBC}") = "Exercise5", "Exercise5\Exercise5.csproj", "{445F3650-6FEE-49BC-B039-2EB623277FAB}"
EndProject
Global
	GlobalSection(SolutionConfigurationPlatforms) = preSolution
		Debug|Any CPU = Debug|Any CPU
		Release|Any CPU = Release|Any CPU
	EndGlobalSection
	GlobalSection(ProjectConfigurationPlatforms) = postSolution
		{445F3650-6FEE-49BC-B039-2EB623277FAB}.Debug|Any CPU.ActiveCfg = Debug|Any CPU
		{445F3650-6FEE-49BC-B039-2EB623277FAB}.Debug|Any CPU.Build.0 = Debug|Any CPU
		{445F3650-6FEE-49BC-B039-2EB623277FAB}.Release|Any CPU.ActiveCfg = Release|Any CPU
		{445F3650-6FEE-49BC-B039-2EB623277FAB}.Release|Any CPU.Build.0 = Release|Any CPU
	EndGlobalSection
	GlobalSection(SolutionProperties) = preSolution
		HideSolutionNode = FALSE
	EndGlobalSection
	GlobalSection(ExtensibilityGlobals) = postSolution
		SolutionGuid = {DB4916EF-0D45-4C29-8F77-AB8DB2FED20B}
	EndGlobalSection
EndGlobal
