
Microsoft Visual Studio Solution File, Format Version 12.00
# Visual Studio 15
VisualStudioVersion = 15.0.28307.168
MinimumVisualStudioVersion = 10.0.40219.1
Project("{FAE04EC0-301F-11D3-BF4B-00C04F79EFBC}") = "StringVariableDemo", "StringVariableDemo\StringVariableDemo.csproj", "{CD66F014-32C9-4901-8249-2E30E493612C}"
EndProject
Global
	GlobalSection(SolutionConfigurationPlatforms) = preSolution
		Debug|Any CPU = Debug|Any CPU
		Release|Any CPU = Release|Any CPU
	EndGlobalSection
	GlobalSection(ProjectConfigurationPlatforms) = postSolution
		{CD66F014-32C9-4901-8249-2E30E493612C}.Debug|Any CPU.ActiveCfg = Debug|Any CPU
		{CD66F014-32C9-4901-8249-2E30E493612C}.Debug|Any CPU.Build.0 = Debug|Any CPU
		{CD66F014-32C9-4901-8249-2E30E493612C}.Release|Any CPU.ActiveCfg = Release|Any CPU
		{CD66F014-32C9-4901-8249-2E30E493612C}.Release|Any CPU.Build.0 = Release|Any CPU
	EndGlobalSection
	GlobalSection(SolutionProperties) = preSolution
		HideSolutionNode = FALSE
	EndGlobalSection
	GlobalSection(ExtensibilityGlobals) = postSolution
		SolutionGuid = {5A0987AE-2298-4631-BFC5-1DC3676B4039}
	EndGlobalSection
EndGlobal
