
Microsoft Visual Studio Solution File, Format Version 12.00
# Visual Studio 15
VisualStudioVersion = 15.0.28307.168
MinimumVisualStudioVersion = 10.0.40219.1
Project("{FAE04EC0-301F-11D3-BF4B-00C04F79EFBC}") = "Sale Price Calculator", "Sale Price Calculator\Sale Price Calculator.csproj", "{5AFF64FD-D8E8-41B2-8D83-94DCED7FA558}"
EndProject
Global
	GlobalSection(SolutionConfigurationPlatforms) = preSolution
		Debug|Any CPU = Debug|Any CPU
		Release|Any CPU = Release|Any CPU
	EndGlobalSection
	GlobalSection(ProjectConfigurationPlatforms) = postSolution
		{5AFF64FD-D8E8-41B2-8D83-94DCED7FA558}.Debug|Any CPU.ActiveCfg = Debug|Any CPU
		{5AFF64FD-D8E8-41B2-8D83-94DCED7FA558}.Debug|Any CPU.Build.0 = Debug|Any CPU
		{5AFF64FD-D8E8-41B2-8D83-94DCED7FA558}.Release|Any CPU.ActiveCfg = Release|Any CPU
		{5AFF64FD-D8E8-41B2-8D83-94DCED7FA558}.Release|Any CPU.Build.0 = Release|Any CPU
	EndGlobalSection
	GlobalSection(SolutionProperties) = preSolution
		HideSolutionNode = FALSE
	EndGlobalSection
	GlobalSection(ExtensibilityGlobals) = postSolution
		SolutionGuid = {D5F6E01D-EF91-4E40-8F8D-AFF21399F4CB}
	EndGlobalSection
EndGlobal
