
Microsoft Visual Studio Solution File, Format Version 12.00
# Visual Studio 15
VisualStudioVersion = 15.0.28307.168
MinimumVisualStudioVersion = 10.0.40219.1
Project("{FAE04EC0-301F-11D3-BF4B-00C04F79EFBC}") = "SimpleMethod", "SimpleMethod\SimpleMethod.csproj", "{21FE5D09-9C92-495E-A6CC-0EDD4054876F}"
EndProject
Global
	GlobalSection(SolutionConfigurationPlatforms) = preSolution
		Debug|Any CPU = Debug|Any CPU
		Release|Any CPU = Release|Any CPU
	EndGlobalSection
	GlobalSection(ProjectConfigurationPlatforms) = postSolution
		{21FE5D09-9C92-495E-A6CC-0EDD4054876F}.Debug|Any CPU.ActiveCfg = Debug|Any CPU
		{21FE5D09-9C92-495E-A6CC-0EDD4054876F}.Debug|Any CPU.Build.0 = Debug|Any CPU
		{21FE5D09-9C92-495E-A6CC-0EDD4054876F}.Release|Any CPU.ActiveCfg = Release|Any CPU
		{21FE5D09-9C92-495E-A6CC-0EDD4054876F}.Release|Any CPU.Build.0 = Release|Any CPU
	EndGlobalSection
	GlobalSection(SolutionProperties) = preSolution
		HideSolutionNode = FALSE
	EndGlobalSection
	GlobalSection(ExtensibilityGlobals) = postSolution
		SolutionGuid = {27FCA82C-C3E1-4733-8D38-4CF6B383F3E4}
	EndGlobalSection
EndGlobal
