
Microsoft Visual Studio Solution File, Format Version 12.00
# Visual Studio 15
VisualStudioVersion = 15.0.28307.168
MinimumVisualStudioVersion = 10.0.40219.1
Project("{FAE04EC0-301F-11D3-BF4B-00C04F79EFBC}") = "ExitButtonDemo", "ExitButtonDemo\ExitButtonDemo.csproj", "{AABD021B-B8B0-40AA-A4DD-52AC3ADA13F8}"
EndProject
Global
	GlobalSection(SolutionConfigurationPlatforms) = preSolution
		Debug|Any CPU = Debug|Any CPU
		Release|Any CPU = Release|Any CPU
	EndGlobalSection
	GlobalSection(ProjectConfigurationPlatforms) = postSolution
		{AABD021B-B8B0-40AA-A4DD-52AC3ADA13F8}.Debug|Any CPU.ActiveCfg = Debug|Any CPU
		{AABD021B-B8B0-40AA-A4DD-52AC3ADA13F8}.Debug|Any CPU.Build.0 = Debug|Any CPU
		{AABD021B-B8B0-40AA-A4DD-52AC3ADA13F8}.Release|Any CPU.ActiveCfg = Release|Any CPU
		{AABD021B-B8B0-40AA-A4DD-52AC3ADA13F8}.Release|Any CPU.Build.0 = Release|Any CPU
	EndGlobalSection
	GlobalSection(SolutionProperties) = preSolution
		HideSolutionNode = FALSE
	EndGlobalSection
	GlobalSection(ExtensibilityGlobals) = postSolution
		SolutionGuid = {CD7D7B9C-B18C-4422-AADC-78E1DEF86A70}
	EndGlobalSection
EndGlobal
