
Microsoft Visual Studio Solution File, Format Version 12.00
# Visual Studio 15
VisualStudioVersion = 15.0.28307.168
MinimumVisualStudioVersion = 10.0.40219.1
Project("{FAE04EC0-301F-11D3-BF4B-00C04F79EFBC}") = "Exercise3", "Exercise3\Exercise3.csproj", "{8D7ACA3C-B0F4-41BA-B690-19DCB319222A}"
EndProject
Global
	GlobalSection(SolutionConfigurationPlatforms) = preSolution
		Debug|Any CPU = Debug|Any CPU
		Release|Any CPU = Release|Any CPU
	EndGlobalSection
	GlobalSection(ProjectConfigurationPlatforms) = postSolution
		{8D7ACA3C-B0F4-41BA-B690-19DCB319222A}.Debug|Any CPU.ActiveCfg = Debug|Any CPU
		{8D7ACA3C-B0F4-41BA-B690-19DCB319222A}.Debug|Any CPU.Build.0 = Debug|Any CPU
		{8D7ACA3C-B0F4-41BA-B690-19DCB319222A}.Release|Any CPU.ActiveCfg = Release|Any CPU
		{8D7ACA3C-B0F4-41BA-B690-19DCB319222A}.Release|Any CPU.Build.0 = Release|Any CPU
	EndGlobalSection
	GlobalSection(SolutionProperties) = preSolution
		HideSolutionNode = FALSE
	EndGlobalSection
	GlobalSection(ExtensibilityGlobals) = postSolution
		SolutionGuid = {A30A821F-DA6E-4AA8-93A1-C98B626C200F}
	EndGlobalSection
EndGlobal
