
Microsoft Visual Studio Solution File, Format Version 12.00
# Visual Studio 15
VisualStudioVersion = 15.0.28307.168
MinimumVisualStudioVersion = 10.0.40219.1
Project("{FAE04EC0-301F-11D3-BF4B-00C04F79EFBC}") = "Exercise6", "Exercise6\Exercise6.csproj", "{7A0DC8BB-04F3-4A1A-B654-50BF51004EED}"
EndProject
Global
	GlobalSection(SolutionConfigurationPlatforms) = preSolution
		Debug|Any CPU = Debug|Any CPU
		Release|Any CPU = Release|Any CPU
	EndGlobalSection
	GlobalSection(ProjectConfigurationPlatforms) = postSolution
		{7A0DC8BB-04F3-4A1A-B654-50BF51004EED}.Debug|Any CPU.ActiveCfg = Debug|Any CPU
		{7A0DC8BB-04F3-4A1A-B654-50BF51004EED}.Debug|Any CPU.Build.0 = Debug|Any CPU
		{7A0DC8BB-04F3-4A1A-B654-50BF51004EED}.Release|Any CPU.ActiveCfg = Release|Any CPU
		{7A0DC8BB-04F3-4A1A-B654-50BF51004EED}.Release|Any CPU.Build.0 = Release|Any CPU
	EndGlobalSection
	GlobalSection(SolutionProperties) = preSolution
		HideSolutionNode = FALSE
	EndGlobalSection
	GlobalSection(ExtensibilityGlobals) = postSolution
		SolutionGuid = {A948E22D-7F54-464D-9BD5-175270D4536A}
	EndGlobalSection
EndGlobal
