
Microsoft Visual Studio Solution File, Format Version 12.00
# Visual Studio 15
VisualStudioVersion = 15.0.28307.168
MinimumVisualStudioVersion = 10.0.40219.1
Project("{FAE04EC0-301F-11D3-BF4B-00C04F79EFBC}") = "Exercise3", "Exercise3\Exercise3.csproj", "{A90443FB-34D8-4FDE-89F7-646D61EC088C}"
EndProject
Global
	GlobalSection(SolutionConfigurationPlatforms) = preSolution
		Debug|Any CPU = Debug|Any CPU
		Release|Any CPU = Release|Any CPU
	EndGlobalSection
	GlobalSection(ProjectConfigurationPlatforms) = postSolution
		{A90443FB-34D8-4FDE-89F7-646D61EC088C}.Debug|Any CPU.ActiveCfg = Debug|Any CPU
		{A90443FB-34D8-4FDE-89F7-646D61EC088C}.Debug|Any CPU.Build.0 = Debug|Any CPU
		{A90443FB-34D8-4FDE-89F7-646D61EC088C}.Release|Any CPU.ActiveCfg = Release|Any CPU
		{A90443FB-34D8-4FDE-89F7-646D61EC088C}.Release|Any CPU.Build.0 = Release|Any CPU
	EndGlobalSection
	GlobalSection(SolutionProperties) = preSolution
		HideSolutionNode = FALSE
	EndGlobalSection
	GlobalSection(ExtensibilityGlobals) = postSolution
		SolutionGuid = {DB43CBD9-B1FD-4BB9-A807-C320E0073CE4}
	EndGlobalSection
EndGlobal
